// !$*UTF8*$!
{
	archiveVersion = 1;
	classes = {
	};
	objectVersion = 46;
	objects = {

/* Begin PBXBuildFile section */
		6CEDA0BC1A4E972B0098C919 /* main.m in Sources */ = {isa = PBXBuildFile; fileRef = 6CEDA0BB1A4E972B0098C919 /* main.m */; };
		6CEDA0BF1A4E972B0098C919 /* AppDelegate.m in Sources */ = {isa = PBXBuildFile; fileRef = 6CEDA0BE1A4E972B0098C919 /* AppDelegate.m */; };
		6CEDA0C21A4E972B0098C919 /* ViewController.m in Sources */ = {isa = PBXBuildFile; fileRef = 6CEDA0C11A4E972B0098C919 /* ViewController.m */; };
		6CEDA0C51A4E972B0098C919 /* Main.storyboard in Resources */ = {isa = PBXBuildFile; fileRef = 6CEDA0C31A4E972B0098C919 /* Main.storyboard */; };
		6CEDA0C71A4E972B0098C919 /* Images.xcassets in Resources */ = {isa = PBXBuildFile; fileRef = 6CEDA0C61A4E972B0098C919 /* Images.xcassets */; };
		6CEDA0CA1A4E972B0098C919 /* LaunchScreen.xib in Resources */ = {isa = PBXBuildFile; fileRef = 6CEDA0C81A4E972B0098C919 /* LaunchScreen.xib */; };
		6CEDA0D61A4E972B0098C919 /* SYWaveformPlayerTests.m in Sources */ = {isa = PBXBuildFile; fileRef = 6CEDA0D51A4E972B0098C919 /* SYWaveformPlayerTests.m */; };
/* End PBXBuildFile section */

/* Begin PBXContainerItemProxy section */
		6CEDA0D01A4E972B0098C919 /* PBXContainerItemProxy */ = {
			isa = PBXContainerItemProxy;
			containerPortal = 6CEDA0AE1A4E972B0098C919 /* Project object */;
			proxyType = 1;
			remoteGlobalIDString = 6CEDA0B51A4E972B0098C919;
			remoteInfo = SYWaveformPlayer;
		};
/* End PBXContainerItemProxy section */

/* Begin PBXFileReference section */
		6CEDA0B61A4E972B0098C919 /* SYWaveformPlayer.app */ = {isa = PBXFileReference; explicitFileType = wrapper.application; includeInIndex = 0; path = SYWaveformPlayer.app; sourceTree = BUILT_PRODUCTS_DIR; };
		6CEDA0BA1A4E972B0098C919 /* Info.plist */ = {isa = PBXFileReference; lastKnownFileType = text.plist.xml; path = Info.plist; sourceTree = "<group>"; };
		6CEDA0BB1A4E972B0098C919 /* main.m */ = {isa = PBXFileReference; lastKnownFileType = sourcecode.c.objc; path = main.m; sourceTree = "<group>"; };
		6CEDA0BD1A4E972B0098C919 /* AppDelegate.h */ = {isa = PBXFileReference; lastKnownFileType = sourcecode.c.h; path = AppDelegate.h; sourceTree = "<group>"; };
		6CEDA0BE1A4E972B0098C919 /* AppDelegate.m */ = {isa = PBXFileReference; lastKnownFileType = sourcecode.c.objc; path = AppDelegate.m; sourceTree = "<group>"; };
		6CEDA0C01A4E972B0098C919 /* ViewController.h */ = {isa = PBXFileReference; lastKnownFileType = sourcecode.c.h; path = ViewController.h; sourceTree = "<group>"; };
		6CEDA0C11A4E972B0098C919 /* ViewController.m */ = {isa = PBXFileReference; lastKnownFileType = sourcecode.c.objc; path = ViewController.m; sourceTree = "<group>"; };
		6CEDA0C41A4E972B0098C919 /* Base */ = {isa = PBXFileReference; lastKnownFileType = file.storyboard; name = Base; path = Base.lproj/Main.storyboard; sourceTree = "<group>"; };
		6CEDA0C61A4E972B0098C919 /* Images.xcassets */ = {isa = PBXFileReference; lastKnownFileType = folder.assetcatalog; path = Images.xcassets; sourceTree = "<group>"; };
		6CEDA0C91A4E972B0098C919 /* Base */ = {isa = PBXFileReference; lastKnownFileType = file.xib; name = Base; path = Base.lproj/LaunchScreen.xib; sourceTree = "<group>"; };
		6CEDA0CF1A4E972B0098C919 /* SYWaveformPlayerTests.xctest */ = {isa = PBXFileReference; explicitFileType = wrapper.cfbundle; includeInIndex = 0; path = SYWaveformPlayerTests.xctest; sourceTree = BUILT_PRODUCTS_DIR; };
		6CEDA0D41A4E972B0098C919 /* Info.plist */ = {isa = PBXFileReference; lastKnownFileType = text.plist.xml; path = Info.plist; sourceTree = "<group>"; };
		6CEDA0D51A4E972B0098C919 /* SYWaveformPlayerTests.m */ = {isa = PBXFileReference; lastKnownFileType = sourcecode.c.objc; path = SYWaveformPlayerTests.m; sourceTree = "<group>"; };
/* End PBXFileReference section */

/* Begin PBXFrameworksBuildPhase section */
		6CEDA0B31A4E972B0098C919 /* Frameworks */ = {
			isa = PBXFrameworksBuildPhase;
			buildActionMask = 2147483647;
			files = (
			);
			runOnlyForDeploymentPostprocessing = 0;
		};
		6CEDA0CC1A4E972B0098C919 /* Frameworks */ = {
			isa = PBXFrameworksBuildPhase;
			buildActionMask = 2147483647;
			files = (
			);
			runOnlyForDeploymentPostprocessing = 0;
		};
/* End PBXFrameworksBuildPhase section */

/* Begin PBXGroup section */
		6CEDA0AD1A4E972B0098C919 = {
			isa = PBXGroup;
			children = (
				6CEDA0B81A4E972B0098C919 /* SYWaveformPlayer */,
				6CEDA0D21A4E972B0098C919 /* SYWaveformPlayerTests */,
				6CEDA0B71A4E972B0098C919 /* Products */,
			);
			sourceTree = "<group>";
		};
		6CEDA0B71A4E972B0098C919 /* Products */ = {
			isa = PBXGroup;
			children = (
				6CEDA0B61A4E972B0098C919 /* SYWaveformPlayer.app */,
				6CEDA0CF1A4E972B0098C919 /* SYWaveformPlayerTests.xctest */,
			);
			name = Products;
			sourceTree = "<group>";
		};
		6CEDA0B81A4E972B0098C919 /* SYWaveformPlayer */ = {
			isa = PBXGroup;
			children = (
				6CEDA0BD1A4E972B0098C919 /* AppDelegate.h */,
				6CEDA0BE1A4E972B0098C919 /* AppDelegate.m */,
				6CEDA0C01A4E972B0098C919 /* ViewController.h */,
				6CEDA0C11A4E972B0098C919 /* ViewController.m */,
				6CEDA0C31A4E972B0098C919 /* Main.storyboard */,
				6CEDA0C61A4E972B0098C919 /* Images.xcassets */,
				6CEDA0C81A4E972B0098C919 /* LaunchScreen.xib */,
				6CEDA0B91A4E972B0098C919 /* Supporting Files */,
			);
			path = SYWaveformPlayer;
			sourceTree = "<group>";
		};
		6CEDA0B91A4E972B0098C919 /* Supporting Files */ = {
			isa = PBXGroup;
			children = (
				6CEDA0BA1A4E972B0098C919 /* Info.plist */,
				6CEDA0BB1A4E972B0098C919 /* main.m */,
			);
			name = "Supporting Files";
			sourceTree = "<group>";
		};
		6CEDA0D21A4E972B0098C919 /* SYWaveformPlayerTests */ = {
			isa = PBXGroup;
			children = (
				6CEDA0D51A4E972B0098C919 /* SYWaveformPlayerTests.m */,
				6CEDA0D31A4E972B0098C919 /* Supporting Files */,
			);
			path = SYWaveformPlayerTests;
			sourceTree = "<group>";
		};
		6CEDA0D31A4E972B0098C919 /* Supporting Files */ = {
			isa = PBXGroup;
			children = (
				6CEDA0D41A4E972B0098C919 /* Info.plist */,
			);
			name = "Supporting Files";
			sourceTree = "<group>";
		};
/* End PBXGroup section */

/* Begin PBXNativeTarget section */
		6CEDA0B51A4E972B0098C919 /* SYWaveformPlayer */ = {
			isa = PBXNativeTarget;
			buildConfigurationList = 6CEDA0D91A4E972B0098C919 /* Build configuration list for PBXNativeTarget "SYWaveformPlayer" */;
			buildPhases = (
				6CEDA0B21A4E972B0098C919 /* Sources */,
				6CEDA0B31A4E972B0098C919 /* Frameworks */,
				6CEDA0B41A4E972B0098C919 /* Resources */,
			);
			buildRules = (
			);
			dependencies = (
			);
			name = SYWaveformPlayer;
			productName = SYWaveformPlayer;
			productReference = 6CEDA0B61A4E972B0098C919 /* SYWaveformPlayer.app */;
			productType = "com.apple.product-type.application";
		};
		6CEDA0CE1A4E972B0098C919 /* SYWaveformPlayerTests */ = {
			isa = PBXNativeTarget;
			buildConfigurationList = 6CEDA0DC1A4E972B0098C919 /* Build configuration list for PBXNativeTarget "SYWaveformPlayerTests" */;
			buildPhases = (
				6CEDA0CB1A4E972B0098C919 /* Sources */,
				6CEDA0CC1A4E972B0098C919 /* Frameworks */,
				6CEDA0CD1A4E972B0098C919 /* Resources */,
			);
			buildRules = (
			);
			dependencies = (
				6CEDA0D11A4E972B0098C919 /* PBXTargetDependency */,
			);
			name = SYWaveformPlayerTests;
			productName = SYWaveformPlayerTests;
			productReference = 6CEDA0CF1A4E972B0098C919 /* SYWaveformPlayerTests.xctest */;
			productType = "com.apple.product-type.bundle.unit-test";
		};
/* End PBXNativeTarget section */

/* Begin PBXProject section */
		6CEDA0AE1A4E972B0098C919 /* Project object */ = {
			isa = PBXProject;
			attributes = {
				LastUpgradeCheck = 0610;
				ORGANIZATIONNAME = "Spencer Yen";
				TargetAttributes = {
					6CEDA0B51A4E972B0098C919 = {
						CreatedOnToolsVersion = 6.1.1;
					};
					6CEDA0CE1A4E972B0098C919 = {
						CreatedOnToolsVersion = 6.1.1;
						TestTargetID = 6CEDA0B51A4E972B0098C919;
					};
				};
			};
			buildConfigurationList = 6CEDA0B11A4E972B0098C919 /* Build configuration list for PBXProject "SYWaveformPlayer" */;
			compatibilityVersion = "Xcode 3.2";
			developmentRegion = English;
			hasScannedForEncodings = 0;
			knownRegions = (
				en,
				Base,
			);
			mainGroup = 6CEDA0AD1A4E972B0098C919;
			productRefGroup = 6CEDA0B71A4E972B0098C919 /* Products */;
			projectDirPath = "";
			projectRoot = "";
			targets = (
				6CEDA0B51A4E972B0098C919 /* SYWaveformPlayer */,
				6CEDA0CE1A4E972B0098C919 /* SYWaveformPlayerTests */,
			);
		};
/* End PBXProject section */

/* Begin PBXResourcesBuildPhase section */
		6CEDA0B41A4E972B0098C919 /* Resources */ = {
			isa = PBXResourcesBuildPhase;
			buildActionMask = 2147483647;
			files = (
				6CEDA0C51A4E972B0098C919 /* Main.storyboard in Resources */,
				6CEDA0CA1A4E972B0098C919 /* LaunchScreen.xib in Resources */,
				6CEDA0C71A4E972B0098C919 /* Images.xcassets in Resources */,
			);
			runOnlyForDeploymentPostprocessing = 0;
		};
		6CEDA0CD1A4E972B0098C919 /* Resources */ = {
			isa = PBXResourcesBuildPhase;
			buildActionMask = 2147483647;
			files = (
			);
			runOnlyForDeploymentPostprocessing = 0;
		};
/* End PBXResourcesBuildPhase section */

/* Begin PBXSourcesBuildPhase section */
		6CEDA0B21A4E972B0098C919 /* Sources */ = {
			isa = PBXSourcesBuildPhase;
			buildActionMask = 2147483647;
			files = (
				6CEDA0C21A4E972B0098C919 /* ViewController.m in Sources */,
				6CEDA0BF1A4E972B0098C919 /* AppDelegate.m in Sources */,
				6CEDA0BC1A4E972B0098C919 /* main.m in Sources */,
			);
			runOnlyForDeploymentPostprocessing = 0;
		};
		6CEDA0CB1A4E972B0098C919 /* Sources */ = {
			isa = PBXSourcesBuildPhase;
			buildActionMask = 2147483647;
			files = (
				6CEDA0D61A4E972B0098C919 /* SYWaveformPlayerTests.m in Sources */,
			);
			runOnlyForDeploymentPostprocessing = 0;
		};
/* End PBXSourcesBuildPhase section */

/* Begin PBXTargetDependency section */
		6CEDA0D11A4E972B0098C919 /* PBXTargetDependency */ = {
			isa = PBXTargetDependency;
			target = 6CEDA0B51A4E972B0098C919 /* SYWaveformPlayer */;
			targetProxy = 6CEDA0D01A4E972B0098C919 /* PBXContainerItemProxy */;
		};
/* End PBXTargetDependency section */

/* Begin PBXVariantGroup section */
		6CEDA0C31A4E972B0098C919 /* Main.storyboard */ = {
			isa = PBXVariantGroup;
			children = (
				6CEDA0C41A4E972B0098C919 /* Base */,
			);
			name = Main.storyboard;
			sourceTree = "<group>";
		};
		6CEDA0C81A4E972B0098C919 /* LaunchScreen.xib */ = {
			isa = PBXVariantGroup;
			children = (
				6CEDA0C91A4E972B0098C919 /* Base */,
			);
			name = LaunchScreen.xib;
			sourceTree = "<group>";
		};
/* End PBXVariantGroup section */

/* Begin XCBuildConfiguration section */
		6CEDA0D71A4E972B0098C919 /* Debug */ = {
			isa = XCBuildConfiguration;
			buildSettings = {
				ALWAYS_SEARCH_USER_PATHS = NO;
				CLANG_CXX_LANGUAGE_STANDARD = "gnu++0x";
				CLANG_CXX_LIBRARY = "libc++";
				CLANG_ENABLE_MODULES = YES;
				CLANG_ENABLE_OBJC_ARC = YES;
				CLANG_WARN_BOOL_CONVERSION = YES;
				CLANG_WARN_CONSTANT_CONVERSION = YES;
				CLANG_WARN_DIRECT_OBJC_ISA_USAGE = YES_ERROR;
				CLANG_WARN_EMPTY_BODY = YES;
				CLANG_WARN_ENUM_CONVERSION = YES;
				CLANG_WARN_INT_CONVERSION = YES;
				CLANG_WARN_OBJC_ROOT_CLASS = YES_ERROR;
				CLANG_WARN_UNREACHABLE_CODE = YES;
				CLANG_WARN__DUPLICATE_METHOD_MATCH = YES;
				"CODE_SIGN_IDENTITY[sdk=iphoneos*]" = "iPhone Developer";
				COPY_PHASE_STRIP = NO;
				ENABLE_STRICT_OBJC_MSGSEND = YES;
				GCC_C_LANGUAGE_STANDARD = gnu99;
				GCC_DYNAMIC_NO_PIC = NO;
				GCC_OPTIMIZATION_LEVEL = 0;
				GCC_PREPROCESSOR_DEFINITIONS = (
					"DEBUG=1",
					"$(inherited)",
				);
				GCC_SYMBOLS_PRIVATE_EXTERN = NO;
				GCC_WARN_64_TO_32_BIT_CONVERSION = YES;
				GCC_WARN_ABOUT_RETURN_TYPE = YES_ERROR;
				GCC_WARN_UNDECLARED_SELECTOR = YES;
				GCC_WARN_UNINITIALIZED_AUTOS = YES_AGGRESSIVE;
				GCC_WARN_UNUSED_FUNCTION = YES;
				GCC_WARN_UNUSED_VARIABLE = YES;
				IPHONEOS_DEPLOYMENT_TARGET = 8.1;
				MTL_ENABLE_DEBUG_INFO = YES;
				ONLY_ACTIVE_ARCH = YES;
				SDKROOT = iphoneos;
			};
			name = Debug;
		};
		6CEDA0D81A4E972B0098C919 /* Release */ = {
			isa = XCBuildConfiguration;
			buildSettings = {
				ALWAYS_SEARCH_USER_PATHS = NO;
				CLANG_CXX_LANGUAGE_STANDARD = "gnu++0x";
				CLANG_CXX_LIBRARY = "libc++";
				CLANG_ENABLE_MODULES = YES;
				CLANG_ENABLE_OBJC_ARC = YES;
				CLANG_WARN_BOOL_CONVERSION = YES;
				CLANG_WARN_CONSTANT_CONVERSION = YES;
				CLANG_WARN_DIRECT_OBJC_ISA_USAGE = YES_ERROR;
				CLANG_WARN_EMPTY_BODY = YES;
				CLANG_WARN_ENUM_CONVERSION = YES;
				CLANG_WARN_INT_CONVERSION = YES;
				CLANG_WARN_OBJC_ROOT_CLASS = YES_ERROR;
				CLANG_WARN_UNREACHABLE_CODE = YES;
				CLANG_WARN__DUPLICATE_METHOD_MATCH = YES;
				"CODE_SIGN_IDENTITY[sdk=iphoneos*]" = "iPhone Developer";
				COPY_PHASE_STRIP = YES;
				ENABLE_NS_ASSERTIONS = NO;
				ENABLE_STRICT_OBJC_MSGSEND = YES;
				GCC_C_LANGUAGE_STANDARD = gnu99;
				GCC_WARN_64_TO_32_BIT_CONVERSION = YES;
				GCC_WARN_ABOUT_RETURN_TYPE = YES_ERROR;
				GCC_WARN_UNDECLARED_SELECTOR = YES;
				GCC_WARN_UNINITIALIZED_AUTOS = YES_AGGRESSIVE;
				GCC_WARN_UNUSED_FUNCTION = YES;
				GCC_WARN_UNUSED_VARIABLE = YES;
				IPHONEOS_DEPLOYMENT_TARGET = 8.1;
				MTL_ENABLE_DEBUG_INFO = NO;
				SDKROOT = iphoneos;
				VALIDATE_PRODUCT = YES;
			};
			name = Release;
		};
		6CEDA0DA1A4E972B0098C919 /* Debug */ = {
			isa = XCBuildConfiguration;
			buildSettings = {
				ASSETCATALOG_COMPILER_APPICON_NAME = AppIcon;
				INFOPLIST_FILE = SYWaveformPlayer/Info.plist;
				LD_RUNPATH_SEARCH_PATHS = "$(inherited) @executable_path/Frameworks";
				PRODUCT_NAME = "$(TARGET_NAME)";
			};
			name = Debug;
		};
		6CEDA0DB1A4E972B0098C919 /* Release */ = {
			isa = XCBuildConfiguration;
			buildSettings = {
				ASSETCATALOG_COMPILER_APPICON_NAME = AppIcon;
				INFOPLIST_FILE = SYWaveformPlayer/Info.plist;
				LD_RUNPATH_SEARCH_PATHS = "$(inherited) @executable_path/Frameworks";
				PRODUCT_NAME = "$(TARGET_NAME)";
			};
			name = Release;
		};
		6CEDA0DD1A4E972B0098C919 /* Debug */ = {
			isa = XCBuildConfiguration;
			buildSettings = {
				BUNDLE_LOADER = "$(TEST_HOST)";
				FRAMEWORK_SEARCH_PATHS = (
					"$(SDKROOT)/Developer/Library/Frameworks",
					"$(inherited)",
				);
				GCC_PREPROCESSOR_DEFINITIONS = (
					"DEBUG=1",
					"$(inherited)",
				);
				INFOPLIST_FILE = SYWaveformPlayerTests/Info.plist;
				LD_RUNPATH_SEARCH_PATHS = "$(inherited) @executable_path/Frameworks @loader_path/Frameworks";
				PRODUCT_NAME = "$(TARGET_NAME)";
				TEST_HOST = "$(BUILT_PRODUCTS_DIR)/SYWaveformPlayer.app/SYWaveformPlayer";
			};
			name = Debug;
		};
		6CEDA0DE1A4E972B0098C919 /* Release */ = {
			isa = XCBuildConfiguration;
			buildSettings = {
				BUNDLE_LOADER = "$(TEST_HOST)";
				FRAMEWORK_SEARCH_PATHS = (
					"$(SDKROOT)/Developer/Library/Frameworks",
					"$(inherited)",
				);
				INFOPLIST_FILE = SYWaveformPlayerTests/Info.plist;
				LD_RUNPATH_SEARCH_PATHS = "$(inherited) @executable_path/Frameworks @loader_path/Frameworks";
				PRODUCT_NAME = "$(TARGET_NAME)";
				TEST_HOST = "$(BUILT_PRODUCTS_DIR)/SYWaveformPlayer.app/SYWaveformPlayer";
			};
			name = Release;
		};
/* End XCBuildConfiguration section */

/* Begin XCConfigurationList section */
		6CEDA0B11A4E972B0098C919 /* Build configuration list for PBXProject "SYWaveformPlayer" */ = {
			isa = XCConfigurationList;
			buildConfigurations = (
				6CEDA0D71A4E972B0098C919 /* Debug */,
				6CEDA0D81A4E972B0098C919 /* Release */,
			);
			defaultConfigurationIsVisible = 0;
			defaultConfigurationName = Release;
		};
		6CEDA0D91A4E972B0098C919 /* Build configuration list for PBXNativeTarget "SYWaveformPlayer" */ = {
			isa = XCConfigurationList;
			buildConfigurations = (
				6CEDA0DA1A4E972B0098C919 /* Debug */,
				6CEDA0DB1A4E972B0098C919 /* Release */,
			);
			defaultConfigurationIsVisible = 0;
		};
		6CEDA0DC1A4E972B0098C919 /* Build configuration list for PBXNativeTarget "SYWaveformPlayerTests" */ = {
			isa = XCConfigurationList;
			buildConfigurations = (
				6CEDA0DD1A4E972B0098C919 /* Debug */,
				6CEDA0DE1A4E972B0098C919 /* Release */,
			);
			defaultConfigurationIsVisible = 0;
		};
/* End XCConfigurationList section */
	};
	rootObject = 6CEDA0AE1A4E972B0098C919 /* Project object */;
}
